{
  "name": "state-48-co-op",
  "version": "0.1.0",
  "lockfileVersion": 3,
  "requires": true,
  "packages": {
    "": {
      "name": "state-48-co-op",
      "version": "0.1.0",
      "dependencies": {
        "@supabase/auth-helpers-nextjs": "^0.10.0",
        "@supabase/supabase-js": "^2.45.4",
        "class-variance-authority": "^0.7.0",
        "clsx": "^2.1.1",
        "framer-motion": "^11.5.4",
        "lucide-react": "^0.468.0",
        "next": "14.2.35",
        "react": "^18.3.1",
        "react-dom": "^18.3.1",
        "tailwind-merge": "^2.5.4",
        "zod": "^3.23.8"
      },
      "devDependencies": {
        "@types/node": "^20.16.10",
        "@types/react": "^18.3.3",
        "@types/react-dom": "^18.3.0",
        "autoprefixer": "^10.4.20",
        "eslint": "^8.57.1",
        "eslint-config-next": "14.2.35",
        "postcss": "^8.4.47",
        "tailwindcss": "^3.4.14",
        "typescript": "^5.6.3"
      }
    },
    "node_modules/@alloc/quick-lru": {
      "version": "5.3.0",
      "resolved": "https://registry.npmjs.org/@alloc/quick-lru/-/quick-lru-5.3.0.tgz",
      "integrity": "sha512-U4+70Pc5ZS9osnCBCE5Jha/ciHM+Yp+CNMNC/7HvYbNRk1Ldd+f7qO65W5qfhu/TCv+/ozljlXXe9Nj8419DMA==",
      "dev": true,
      "license": "MIT",
      "engines": {
        "node": ">=10"
      },
      "funding": {
        "url": "https://github.com/sponsors/sindresorhus"
      }
    },
    "node_modules/@emnapi/core": {
      "version": "1.10.0",
      "resolved": "https://registry.npmjs.org/@emnapi/core/-/core-1.10.0.tgz",
      "integrity": "sha512-yq6OkJ4p82CAfPl0u9mQebQHKPJkY7WrIuk205cTYnYe+k2Z8YBh11FrbRG/H6ihirqcacOgl2BIO8oyMQLeXw==",
      "dev": true,
      "license": "MIT",
      "optional": true,
      "dependencies": {
        "@emnapi/wasi-threads": "1.2.1",
        "tslib": "^2.4.0"
      }
    },
    "node_modules/@emnapi/runtime": {
      "version": "1.10.0",
      "resolved": "https://registry.npmjs.org/@emnapi/runtime/-/runtime-1.10.0.tgz",
      "integrity": "sha512-ewvYlk86xUoGI0zQRNq/mC+16R1QeDlKQy21Ki3oSYXNgLb45GV1P6A0M+/s6nyCuNDqe5VpaY84BzXGwVbwFA==",
      "dev": true,
      "license": "MIT",
      "optional": true,
      "dependencies": {
        "tslib": "^2.4.0"
      }
    },
    "node_modules/@emnapi/wasi-threads": {
      "version": "1.2.1",
      "resolved": "https://registry.npmjs.org/@emnapi/wasi-threads/-/wasi-threads-1.2.1.tgz",
      "integrity": "sha512-uTII7OYF+/Mes/MrcIOYp5yOtSMLBWSIoLPpcgwipoiKbli6k322tcoFsxoIIxPDqW01SQGAgko4EzZi2BNv2w==",
      "dev": true,
      "license": "MIT",
      "optional": true,
      "dependencies": {
        "tslib": "^2.4.0"
      }
    },
    "node_modules/@eslint-community/eslint-utils": {
      "version": "4.10.1",
      "resolved": "https://registry.npmjs.org/@eslint-community/eslint-utils/-/eslint-utils-4.10.1.tgz",
      "integrity": "sha512-cuadcxVFE8sDK6iWJbs8Sn0av2Nrh2QSGQhVlBW9AaAHqHwjWsZHT8LJ4hFGPh7ASBV2deFdM7H/DPjulmh8rg==",
      "dev": true,
      "license": "MIT",
      "dependencies": {
        "eslint-visitor-keys": "^3.4.3"
      },
      "engines": {
        "node": "^12.22.0 || ^14.17.0 || >=16.0.0"
      },
      "funding": {
        "url": "https://opencollective.com/eslint"
      },
      "peerDependencies": {
        "eslint": "^6.0.0 || ^7.0.0 || >=8.0.0"
      }
    },
    "node_modules/@eslint-community/regexpp": {
      "version": "4.12.2",
      "resolved": "https://registry.npmjs.org/@eslint-community/regexpp/-/regexpp-4.12.2.tgz",
      "integrity": "sha512-EriSTlt5OC9/7SXkRSCAhfSxxoSUgBm33OH+IkwbdpgoqsSsUg7y3uh+IICI/Qg4BBWr3U2i39RpmycbxMq4ew==",
      "dev": true,
      "license": "MIT",
      "engines": {
        "node": "^12.0.0 || ^14.0.0 || >=16.0.0"
      }
    },
    "node_modules/@eslint/eslintrc": {
      "version": "2.1.4",
      "resolved": "https://registry.npmjs.org/@eslint/eslintrc/-/eslintrc-2.1.4.tgz",
      "integrity": "sha512-269Z39MS6wVJtsoUl10L60WdkhJVdPG24Q4eZTH3nnF6lpvSShEK3wQjDX9JRWAUPvPh7COouPpU9IrqaZFvtQ==",
      "dev": true,
      "license": "MIT",
      "dependencies": {
        "ajv": "^6.12.4",
        "debug": "^4.3.2",
        "espree": "^9.6.0",
        "globals": "^13.19.0",
        "ignore": "^5.2.0",
        "import-fresh": "^3.2.1",
        "js-yaml": "^4.1.0",
        "minimatch": "^3.1.2",
        "strip-json-comments": "^3.1.1"
      },
      "engines": {
        "node": "^12.22.0 || ^14.17.0 || >=16.0.0"
      },
      "funding": {
        "url": "https://opencollective.com/eslint"
      }
    },
    "node_modules/@eslint/js": {
      "version": "8.57.1",
      "resolved": "https://registry.npmjs.org/@eslint/js/-/js-8.57.1.tgz",
      "integrity": "sha512-d9zaMRSTIKDLhctzH12MtXvJKSSUhaHcjV+2Z+GK+EEY7XKpP5yR4x+N3TAcHTcu963nIr+TMcCb4DBCYX1z6Q==",
      "dev": true,
      "license": "MIT",
      "engines": {
        "node": "^12.22.0 || ^14.17.0 || >=16.0.0"
      }
    },
    "node_modules/@humanwhocodes/config-array": {
      "version": "0.13.0",
      "resolved": "https://registry.npmjs.org/@humanwhocodes/config-array/-/config-array-0.13.0.tgz",
      "integrity": "sha512-DZLEEqFWQFiyK6h5YIeynKx7JlvCYWL0cImfSRXZ9l4Sg2efkFGTuFf6vzXjK1cq6IYkU+Eg/JizXw+TD2vRNw==",
      "deprecated": "Use @eslint/config-array instead",
      "dev": true,
      "license": "Apache-2.0",
      "dependencies": {
        "@humanwhocodes/object-schema": "^2.0.3",
        "debug": "^4.3.1",
        "minimatch": "^3.0.5"
      },
      "engines": {
        "node": ">=10.10.0"
      }
    },
    "node_modules/@humanwhocodes/module-importer": {
      "version": "1.0.1",
      "resolved": "https://registry.npmjs.org/@humanwhocodes/module-importer/-/module-importer-1.0.1.tgz",
      "integrity": "sha512-bxveV4V8v5Yb4ncFTT3rPSgZBOpCkjfK0y4oVVVJwIuDVBRMDXrPyXRL988i5ap9m9bnyEEjWfm5WkBmtffLfA==",
      "dev": true,
      "license": "Apache-2.0",
      "engines": {
        "node": ">=12.22"
      },
      "funding": {
        "type": "github",
        "url": "https://github.com/sponsors/nzakas"
      }
    },
    "node_modules/@humanwhocodes/object-schema": {
      "version": "2.0.3",
      "resolved": "https://registry.npmjs.org/@humanwhocodes/object-schema/-/object-schema-2.0.3.tgz",
      "integrity": "sha512-93zYdMES/c1D69yZiKDBj0V24vqNzB/koF26KPaagAfd3P/4gUlh3Dys5ogAK+Exi9QyzlD8x/08Zt7wIKcDcA==",
      "deprecated": "Use @eslint/object-schema instead",
      "dev": true,
      "license": "BSD-3-Clause"
    },
    "node_modules/@isaacs/cliui": {
      "version": "8.0.2",
      "resolved": "https://registry.npmjs.org/@isaacs/cliui/-/cliui-8.0.2.tgz",
      "integrity": "sha512-O8jcjabXaleOG9DQ0+ARXWZBTfnP4WNAqzuiJK7ll44AmxGKv/J2M4TPjxjY3znBCfvBXFzucm1twdyFybFqEA==",
      "dev": true,
      "license": "ISC",
      "dependencies": {
        "string-width": "^5.1.2",
        "string-width-cjs": "npm:string-width@^4.2.0",
        "strip-ansi": "^7.0.1",
        "strip-ansi-cjs": "npm:strip-ansi@^6.0.1",
        "wrap-ansi": "^8.1.0",
        "wrap-ansi-cjs": "npm:wrap-ansi@^7.0.0"
      },
      "engines": {
        "node": ">=12"
      }
    },
    "node_modules/@isaacs/cliui/node_modules/ansi-regex": {
      "version": "6.3.0",
      "resolved": "https://registry.npmjs.org/ansi-regex/-/ansi-regex-6.3.0.tgz",
      "integrity": "sha512-WpDfL7NO6j7tH88IDBNVdUJxDh9nmCteAVW9dsep846XdwF4naCBK+/tGLX3KJgcpgMRXCFlTM2hKGoK9FsdrQ==",
      "dev": true,
      "license": "MIT",
      "engines": {
        "node": ">=12"
      },
      "funding": {
        "url": "https://github.com/chalk/ansi-regex?sponsor=1"
      }
    },
    "node_modules/@isaacs/cliui/node_modules/strip-ansi": {
      "version": "7.2.0",
      "resolved": "https://registry.npmjs.org/strip-ansi/-/strip-ansi-7.2.0.tgz",
      "integrity": "sha512-yDPMNjp4WyfYBkHnjIRLfca1i6KMyGCtsVgoKe/z1+6vukgaENdgGBZt+ZmKPc4gavvEZ5OgHfHdrazhgNyG7w==",
      "dev": true,
      "license": "MIT",
      "dependencies": {
        "ansi-regex": "^6.2.2"
      },
      "engines": {
        "node": ">=12"
      },
      "funding": {
        "url": "https://github.com/chalk/strip-ansi?sponsor=1"
      }
    },
    "node_modules/@jridgewell/gen-mapping": {
      "version": "0.3.13",
      "resolved": "https://registry.npmjs.org/@jridgewell/gen-mapping/-/gen-mapping-0.3.13.tgz",
      "integrity": "sha512-2kkt/7niJ6MgEPxF0bYdQ6etZaA+fQvDcLKckhy1yIQOzaoKjBBjSj63/aLVjYE3qhRt5dvM+uUyfCg6UKCBbA==",
      "dev": true,
      "license": "MIT",
      "dependencies": {
        "@jridgewell/sourcemap-codec": "^1.5.0",
        "@jridgewell/trace-mapping": "^0.3.24"
      }
    },
    "node_modules/@jridgewell/resolve-uri": {
      "version": "3.1.2",
      "resolved": "https://registry.npmjs.org/@jridgewell/resolve-uri/-/resolve-uri-3.1.2.tgz",
      "integrity": "sha512-bRISgCIjP20/tbWSPWMEi54QVPRZExkuD9lJL+UIxUKtwVJA8wW1Trb1jMs1RFXo1CBTNZ/5hpC9QvmKWdopKw==",
      "dev": true,
      "license": "MIT",
      "engines": {
        "node": ">=6.0.0"
      }
    },
    "node_modules/@jridgewell/sourcemap-codec": {
      "version": "1.6.0",
      "resolved": "https://registry.npmjs.org/@jridgewell/sourcemap-codec/-/sourcemap-codec-1.6.0.tgz",
      "integrity": "sha512-T7jf+5zgsZHwNJ4lvQ7/aezbyk0nNX+zJVWpmHA7VYsEx7a7qr5Rg5IbtJFqkgze5Y2sruq1RUY8Q837Od7iFw==",
      "dev": true,
      "license": "MIT"
    },
    "node_modules/@jridgewell/trace-mapping": {
      "version": "0.3.31",
      "resolved": "https://registry.npmjs.org/@jridgewell/trace-mapping/-/trace-mapping-0.3.31.tgz",
      "integrity": "sha512-zzNR+SdQSDJzc8joaeP8QQoCQr8NuYx2dIIytl1QeBEZHJ9uW6hebsrYgbz8hJwUQao3TWCMtmfV8Nu1twOLAw==",
      "dev": true,
      "license": "MIT",
      "dependencies": {
        "@jridgewell/resolve-uri": "^3.1.0",
        "@jridgewell/sourcemap-codec": "^1.4.14"
      }
    },
    "node_modules/@napi-rs/wasm-runtime": {
      "version": "1.2.4",
      "resolved": "https://registry.npmjs.org/@napi-rs/wasm-runtime/-/wasm-runtime-1.2.4.tgz",
      "integrity": "sha512-AJxoUD2/15ESHbvpcyjU274nsAPLuOtPHCk0vKJM5pj//Fg/B1FXNWjPnXTT9PymCYYiHo4zPj0ZomXBKhoy7g==",
      "dev": true,
      "license": "MIT",
      "optional": true,
      "dependencies": {
        "@tybys/wasm-util": "^0.10.3"
      },
      "engines": {
        "node": "^20.19.0 || ^22.13.0 || >=23.5.0"
      },
      "funding": {
        "type": "github",
        "url": "https://github.com/sponsors/Brooooooklyn"
      },
      "peerDependencies": {
        "@emnapi/core": "^1.7.1 || ^2.0.0-alpha.4",
        "@emnapi/runtime": "^1.7.1 || ^2.0.0-alpha.4"
      }
    },
    "node_modules/@next/env": {
      "version": "14.2.35",
      "resolved": "https://registry.npmjs.org/@next/env/-/env-14.2.35.tgz",
      "integrity": "sha512-DuhvCtj4t9Gwrx80dmz2F4t/zKQ4ktN8WrMwOuVzkJfBilwAwGr6v16M5eI8yCuZ63H9TTuEU09Iu2HqkzFPVQ==",
      "license": "MIT"
    },
    "node_modules/@next/eslint-plugin-next": {
      "version": "14.2.35",
      "resolved": "https://registry.npmjs.org/@next/eslint-plugin-next/-/eslint-plugin-next-14.2.35.tgz",
      "integrity": "sha512-Jw9A3ICz2183qSsqwi7fgq4SBPiNfmOLmTPXKvlnzstUwyvBrtySiY+8RXJweNAs9KThb1+bYhZh9XWcNOr2zQ==",
      "dev": true,
      "license": "MIT",
      "dependencies": {
        "glob": "10.3.10"
      }
    },
    "node_modules/@next/swc-darwin-arm64": {
      "version": "14.2.33",
      "resolved": "https://registry.npmjs.org/@next/swc-darwin-arm64/-/swc-darwin-arm64-14.2.33.tgz",
      "integrity": "sha512-HqYnb6pxlsshoSTubdXKu15g3iivcbsMXg4bYpjL2iS/V6aQot+iyF4BUc2qA/J/n55YtvE4PHMKWBKGCF/+wA==",
      "cpu": [
        "arm64"
      ],
      "license": "MIT",
      "optional": true,
      "os": [
        "darwin"
      ],
      "engines": {
        "node": ">= 10"
      }
    },
    "node_modules/@next/swc-darwin-x64": {
      "version": "14.2.33",
      "resolved": "https://registry.npmjs.org/@next/swc-darwin-x64/-/swc-darwin-x64-14.2.33.tgz",
      "integrity": "sha512-8HGBeAE5rX3jzKvF593XTTFg3gxeU4f+UWnswa6JPhzaR6+zblO5+fjltJWIZc4aUalqTclvN2QtTC37LxvZAA==",
      "cpu": [
        "x64"
      ],
      "license": "MIT",
      "optional": true,
      "os": [
        "darwin"
      ],
      "engines": {
        "node": ">= 10"
      }
    },
    "node_modules/@next/swc-linux-arm64-gnu": {
      "version": "14.2.33",
      "resolved": "https://registry.npmjs.org/@next/swc-linux-arm64-gnu/-/swc-linux-arm64-gnu-14.2.33.tgz",
      "integrity": "sha512-JXMBka6lNNmqbkvcTtaX8Gu5by9547bukHQvPoLe9VRBx1gHwzf5tdt4AaezW85HAB3pikcvyqBToRTDA4DeLw==",
      "cpu": [
        "arm64"
      ],
      "license": "MIT",
      "optional": true,
      "os": [
        "linux"
      ],
      "engines": {
        "node": ">= 10"
      }
    },
    "node_modules/@next/swc-linux-arm64-musl": {
      "version": "14.2.33",
      "resolved": "https://registry.npmjs.org/@next/swc-linux-arm64-musl/-/swc-linux-arm64-musl-14.2.33.tgz",
      "integrity": "sha512-Bm+QulsAItD/x6Ih8wGIMfRJy4G73tu1HJsrccPW6AfqdZd0Sfm5Imhgkgq2+kly065rYMnCOxTBvmvFY1BKfg==",
      "cpu": [
        "arm64"
      ],
      "license": "MIT",
      "optional": true,
      "os": [
        "linux"
      ],
      "engines": {
        "node": ">= 10"
      }
    },
    "node_modules/@next/swc-linux-x64-gnu": {
      "version": "14.2.33",
      "resolved": "https://registry.npmjs.org/@next/swc-linux-x64-gnu/-/swc-linux-x64-gnu-14.2.33.tgz",
      "integrity": "sha512-FnFn+ZBgsVMbGDsTqo8zsnRzydvsGV8vfiWwUo1LD8FTmPTdV+otGSWKc4LJec0oSexFnCYVO4hX8P8qQKaSlg==",
      "cpu": [
        "x64"
      ],
      "license": "MIT",
      "optional": true,
      "os": [
        "linux"
      ],
      "engines": {
   :÷Ÿv¶‰žËkºwµç[œÙHŽˆ“RU‹ˆ™\[™[˜ÚY\ÈŽˆÂˆ˜Ø[X›Ý[™Žˆ—ŒKŒŒˆ‹ˆ™[˜Ý[Û‹œ›ÝÝ\K›˜[YHŽˆ—ŒKŒKˆ‹ˆš\Ë]ÜÝš[™ÝYÈŽˆ—ŒKŒŒˆ‹ˆš\ËX\Þ[˜ËY[˜Ý[ÛˆŽˆ—Œ‹ŒŒ‹ˆš\ËY]K[Øš™XÝŽˆ—ŒKŒKŒ‹ˆš\ËYš[˜[^˜][Ûœ™YÚ\ÝžHŽˆ—ŒKŒKŒ‹ˆš\ËYÙ[™\˜]Ü‹Y[˜Ý[ÛˆŽˆ—ŒKŒŒL‹ˆš\Ë\™YÙ^Žˆ—ŒKŒ‹ŒH‹ˆš\Ë]ÙXZÜ™YˆŽˆ—ŒKŒŒˆ‹ˆš\Ø\œ˜^HŽˆ—Œ‹ŒH‹ˆÚXÚX›ÞY\š[Z]]™HŽˆ—ŒKŒKŒ‹ˆÚXÚXÛÛXÝ[ÛˆŽˆ—ŒKŒŒˆ‹ˆÚXÚ]\YX\œ˜^HŽˆ—ŒKŒKŒMˆ‚ˆKˆ™[™Ú[™\ÈŽˆÂˆ››ÙHŽˆH‚ˆKˆ™[™[™ÈŽˆÂˆ\›ŽˆšÎ‹ËÙÚ]X‹˜ÛÛKÜÜÛœÛÜœËÛš\˜ˆ‚ˆBˆKˆ››ÙWÛ[Ù[\ËÝÚXÚXÛÛXÝ[ÛˆŽˆÂˆ™\œÚ[ÛˆŽˆŒKŒŒˆ‹ˆœ™\ÛÛ™YŽˆšÎ‹ËÜ™YÚ\ÝžK›œZœË›Ü™ËÝÚXÚXÛÛXÝ[Û‹ËKÝÚXÚXÛÛXÝ[Û‹LKŒŒ‹Þˆ‹ˆš[YÜš]HŽˆœÚMLL‹RÍ•žZ›™Ý˜Î–MšØS‘SŽLÌÔÝÖSÝP‘šÙPNV™šØÐX™˜œU‘Z–‹ØTZ”–\QTÕ‘\ÌÎQÚZ\X›™ÐÝÏOH‹ˆ™]ˆŽˆYKˆ›XÙ[œÙHŽˆ“RU‹ˆ™\[™[˜ÚY\ÈŽˆÂˆš\Ë[X\Žˆ—Œ‹ŒŒÈ‹ˆš\Ë\Ù]Žˆ—Œ‹ŒŒÈ‹ˆš\Ë]ÙXZÛX\Žˆ—Œ‹ŒŒˆ‹ˆš\Ë]ÙXZÜÙ]Žˆ—Œ‹ŒŒÈ‚ˆKˆ™[™Ú[™\ÈŽˆÂˆ››ÙHŽˆH‚ˆKˆ™[™[™ÈŽˆÂˆ\›ŽˆšÎ‹ËÙÚ]X‹˜ÛÛKÜÜÛœÛÜœËÛš\˜ˆ‚ˆBˆKˆ››ÙWÛ[Ù[\ËÝÚXÚ]\YX\œ˜^HŽˆÂˆ™\œÚ[ÛˆŽˆŒKŒKŒŒˆ‹ˆœ™\ÛÛ™YŽˆšÎ‹ËÜ™YÚ\ÝžK›œZœË›Ü™ËÝÚXÚ]\YX\œ˜^KËKÝÚXÚ]\YX\œ˜^KLKŒKŒŒ‹Þˆ‹ˆš[YÜš]HŽˆœÚMLL‹Y“Í^ÓQœÜ^ZÌÐZTSØ“]VL[\YÖXÞ˜ÍPÓ™ÑPÓÒ“™Ô^]œÓÕÕØ–˜ÊÜYŒÜž”Ú’ÊÐÓQ]ŒPÖ\ÏOH‹ˆ™]ˆŽˆYKˆ›XÙ[œÙHŽˆ“RU‹ˆ™\[™[˜ÚY\ÈŽˆÂˆ˜]˜Z[X›K]\YX\œ˜^\ÈŽˆ—ŒKŒÈ‹ˆ˜Ø[Xš[™Žˆ—ŒKŒŽH‹ˆ˜Ø[X›Ý[™Žˆ—ŒKŒ‹ˆ™›Ü‹YXXÚŽˆ—ŒŒËH‹ˆ™Ù]\›ÝÈŽˆ—ŒKŒŒH‹ˆ™ÛÜŽˆ—ŒKŒ‹Œ‹ˆš\Ë]ÜÝš[™ÝYÈŽˆ—ŒKŒŒˆ‚ˆKˆ™[™Ú[™\ÈŽˆÂˆ››ÙHŽˆH‚ˆKˆ™[™[™ÈŽˆÂˆ\›ŽˆšÎ‹ËÙÚ]X‹˜ÛÛKÜÜÛœÛÜœËÛš\˜ˆ‚ˆBˆKˆ››ÙWÛ[Ù[\ËÝÛÜ™]Ü˜\ŽˆÂˆ™\œÚ[ÛˆŽˆŒKŒ‹H‹ˆœ™\ÛÛ™YŽˆšÎ‹ËÜ™YÚ\ÝžK›œZœË›Ü™ËÝÛÜ™]Ü˜\ËKÝÛÜ™]Ü˜\LKŒ‹KÞˆ‹ˆš[YÜš]HŽˆœÚMLL‹P“ŒŒYXSSRNUS]œ‘ÙYÍYPÖTÔ^L’––\ØU^–^‘“ØÚÔÍLÔÔQLÜÚÕ›ÕÜ˜ŒÐœ–XÑSØMMPXÐOOH‹ˆ™]ˆŽˆYKˆ›XÙ[œÙHŽˆ“RU‹ˆ™[™Ú[™\ÈŽˆÂˆ››ÙHŽˆLŒLŒ‚ˆBˆKˆ››ÙWÛ[Ù[\ËÝÜ˜\X[œÚHŽˆÂˆ™\œÚ[ÛˆŽˆŽŒKŒ‹ˆœ™\ÛÛ™YŽˆšÎ‹ËÜ™YÚ\ÝžK›œZœË›Ü™ËÝÜ˜\X[œÚKËKÝÜ˜\X[œÚKNŒKŒÞˆ‹ˆš[YÜš]HŽˆœÚMLL‹\ÚMÔUÒMž•S\MM˜‘TÑ˜YÝ^“YÓÝÞ”ŠÔÙ^ŒLS[Ø™˜ÍÝJÕšÕXÚÚÎX•Ì•YY™•Õ•X“ÚÜÞTÝÌPL™ÜÎÍÌSÔOOH‹ˆ™]ˆŽˆYKˆ›XÙ[œÙHŽˆ“RU‹ˆ™\[™[˜ÚY\ÈŽˆÂˆ˜[œÚK\Ý[\ÈŽˆ—‹ŒKŒ‹ˆœÝš[™Ë]ÚYŽˆ—KŒŒH‹ˆœÝš\X[œÚHŽˆ—ËŒŒH‚ˆKˆ™[™Ú[™\ÈŽˆÂˆ››ÙHŽˆLLˆ‚ˆKˆ™[™[™ÈŽˆÂˆ\›ŽˆšÎ‹ËÙÚ]X‹˜ÛÛKØÚ[ËÝÜ˜\X[œÚOÜÜÛœÛÜLH‚ˆBˆKˆ››ÙWÛ[Ù[\ËÝÜ˜\X[œÚKXÚœÈŽˆÂˆ›˜[YHŽˆÜ˜\X[œÚH‹ˆ™\œÚ[ÛˆŽˆËŒŒ‹ˆœ™\ÛÛ™YŽˆšÎ‹ËÜ™YÚ\ÝžK›œZœË›Ü™ËÝÜ˜\X[œÚKËKÝÜ˜\X[œÚKMËŒŒÞˆ‹ˆš[YÜš]HŽˆœÚMLL‹VU‘ÒZŒšØ[SÕÍ“œÖš›Ðž”ÝÜÛŒXÙ\ÛXÍ
ÔLŒXÍ^”VŒ\
Ó™ž™›S•“ÔM–ÖQÍU]]ÑšMÑM”OOH‹ˆ™]ˆŽˆYKˆ›XÙ[œÙHŽˆ“RU‹ˆ™\[™[˜ÚY\ÈŽˆÂˆ˜[œÚK\Ý[\ÈŽˆ—ŒŒ‹ˆœÝš[™Ë]ÚYŽˆ—ŒKŒ‹ˆœÝš\X[œÚHŽˆ—‹ŒŒ‚ˆKˆ™[™Ú[™\ÈŽˆÂˆ››ÙHŽˆLL‚ˆKˆ™[™[™ÈŽˆÂˆ\›ŽˆšÎ‹ËÙÚ]X‹˜ÛÛKØÚ[ËÝÜ˜\X[œÚOÜÜÛœÛÜLH‚ˆBˆKˆ››ÙWÛ[Ù[\ËÝÜ˜\X[œÚKXÚœËÛ›ÙWÛ[Ù[\ËÙ[[ÚšK\™YÙ^ŽˆÂˆ™\œÚ[ÛˆŽˆŽŒŒ‹ˆœ™\ÛÛ™YŽˆšÎ‹ËÜ™YÚ\ÝžK›œZœË›Ü™ËÙ[[ÚšK\™YÙ^ËKÙ[[ÚšK\™YÙ^NŒŒÞˆ‹ˆš[YÜš]HŽˆœÚMLL‹STÚ–^˜ÕÓ“ÐL]ÐRŒ^QÙÍžZžLS‘ÌÞ[Ü^ÛËÔ”ÛœŒKÑÑÝ
ÚXÌÚR•”N]LÕLMØ]Û••[QÑMOOH‹ˆ™]ˆŽˆYKˆ›XÙ[œÙHŽˆ“RU‚ˆKˆ››ÙWÛ[Ù[\ËÝÜ˜\X[œÚKXÚœËÛ›ÙWÛ[Ù[\ËÜÝš[™Ë]ÚYŽˆÂˆ™\œÚ[ÛˆŽˆŒ‹ŒÈ‹ˆœ™\ÛÛ™YŽˆšÎ‹ËÜ™YÚ\ÝžK›œZœË›Ü™ËÜÝš[™Ë]ÚYËKÜÝš[™Ë]ÚYMŒ‹ŒËÞˆ‹ˆš[YÜš]HŽˆœÚMLL‹]ÒÞTT”\’ŒÒ\Œ‘\”Ö™ÜÚ“R•ÜØ\[Ô“šZM‘ÍÒ•“ËÎZ’P•^Y]“
ÝSÜ\›™Î‹ØÞÕÞUÕ]Ý”ÕšZVž‹ÙÏOH‹ˆ™]ˆŽˆYKˆ›XÙ[œÙHŽˆ“RU‹ˆ™\[™[˜ÚY\ÈŽˆÂˆ™[[ÚšK\™YÙ^Žˆ—ŽŒŒ‹ˆš\ËY[ÚYXÛÙK\Ú[Žˆ—ŒËŒŒ‹ˆœÝš\X[œÚHŽˆ—‹ŒŒH‚ˆKˆ™[™Ú[™\ÈŽˆÂˆ››ÙHŽˆN‚ˆBˆKˆ››ÙWÛ[Ù[\ËÝÜ˜\X[œÚKÛ›ÙWÛ[Ù[\ËØ[œÚK\™YÙ^ŽˆÂˆ™\œÚ[ÛˆŽˆ‹ŒËŒ‹ˆœ™\ÛÛ™YŽˆšÎ‹ËÜ™YÚ\ÝžK›œZœË›Ü™ËØ[œÚK\™YÙ^ËKØ[œÚK\™YÙ^M‹ŒËŒÞˆ‹ˆš[YÜš]HŽˆœÚMLL‹UÜ“Ó“ÍšÝQ“•™Rž[›PÝPU•ÎYÙ\–Ñ˜PÐ’ÊËÝÓÒÒ™ØÜÓT–Ñ›LšÑÛÒÎQœÙ”OOH‹ˆ™]ˆŽˆYKˆ›XÙ[œÙHŽˆ“RU‹ˆ™[™Ú[™\ÈŽˆÂˆ››ÙHŽˆLLˆ‚ˆKˆ™[™[™ÈŽˆÂˆ\›ŽˆšÎ‹ËÙÚ]X‹˜ÛÛKØÚ[ËØ[œÚK\™YÙ^ÜÜÛœÛÜLH‚ˆBˆKˆ››ÙWÛ[Ù[\ËÝÜ˜\X[œÚKÛ›ÙWÛ[Ù[\ËØ[œÚK\Ý[\ÈŽˆÂˆ™\œÚ[ÛˆŽˆ‹Œ‹ŒÈ‹ˆœ™\ÛÛ™YŽˆšÎ‹ËÜ™YÚ\ÝžK›œZœË›Ü™ËØ[œÚK\Ý[\ËËKØ[œÚK\Ý[\ËM‹Œ‹ŒËÞˆ‹ˆš[YÜš]HŽˆœÚMLL‹M“LŽŠÛÐRÑšÕ[ÊØLšÓÑšÝ\XŒÞ]XÕLÐS˜Ô”•XžÌÔ––PÑÚ˜ØÌÐ“–Ô’\ÕU›QÙÞ˜]ÛYMÞ’’™ÏOH‹ˆ™]ˆŽˆYKˆ›XÙ[œÙHŽˆ“RU‹ˆ™[™Ú[™\ÈŽˆÂˆ››ÙHŽˆLLˆ‚ˆKˆ™[™[™ÈŽˆÂˆ\›ŽˆšÎ‹ËÙÚ]X‹˜ÛÛKØÚ[ËØ[œÚK\Ý[\ÏÜÜÛœÛÜLH‚ˆBˆKˆ››ÙWÛ[Ù[\ËÝÜ˜\X[œÚKÛ›ÙWÛ[Ù[\ËÜÝš\X[œÚHŽˆÂˆ™\œÚ[ÛˆŽˆËŒ‹Œ‹ˆœ™\ÛÛ™YŽˆšÎ‹ËÜ™YÚ\ÝžK›œZœË›Ü™ËÜÝš\X[œÚKËKÜÝš\X[œÚKMËŒ‹ŒÞˆ‹ˆš[YÜš]HŽˆœÚMLL‹^QSšœÞY–PšÒš’T“˜ØLZM’Ó^QÐÝÕ™ÛÒÙKÞŒJÍZÙØQS™ÑÐ–
Ö›RÔÍØ]‘VSÙÒ’˜^šÓžQÍÝÏOH‹ˆ™]ˆŽˆYKˆ›XÙ[œÙHŽˆ“RU‹ˆ™\[™[˜ÚY\ÈŽˆÂˆ˜[œÚK\™YÙ^Žˆ—‹Œ‹Œˆ‚ˆKˆ™[™Ú[™\ÈŽˆÂˆ››ÙHŽˆLLˆ‚ˆKˆ™[™[™ÈŽˆÂˆ\›ŽˆšÎ‹ËÙÚ]X‹˜ÛÛKØÚ[ËÜÝš\X[œÚOÜÜÛœÛÜLH‚ˆBˆKˆ››ÙWÛ[Ù[\ËÝÜ˜\HŽˆÂˆ™\œÚ[ÛˆŽˆŒKŒŒˆ‹ˆœ™\ÛÛ™YŽˆšÎ‹ËÜ™YÚ\ÝžK›œZœË›Ü™ËÝÜ˜\KËKÝÜ˜\KLKŒŒ‹Þˆ‹ˆš[YÜš]HŽˆœÚMLL‹[ÜÑœÙ[ÜŽ]Ó‘]•ŒŠÕT[ŒÙZÔ–‹ÜÜVÙÚX•ŽRÛÌ^\ÖŒÝMËÒTSÍÞÑ™ÜT˜ÔŒÔPÝ™^”ÔOOH‹ˆ™]ˆŽˆYKˆ›XÙ[œÙHŽˆ’TÐÈ‚ˆKˆ››ÙWÛ[Ù[\ËÞ[ØÝË\]Y]YHŽˆÂˆ™\œÚ[ÛˆŽˆŒŒKŒ‹ˆœ™\ÛÛ™YŽˆšÎ‹ËÜ™YÚ\ÝžK›œZœË›Ü™ËÞ[ØÝË\]Y]YKËKÞ[ØÝË\]Y]YKLŒKŒÞˆ‹ˆš[YÜš]HŽˆœÚMLL‹\•šÜÝœÛ“Ù‹ÛÚØÍžÔÞSŽZPÞÚSN^QKÝÛSÕœR™]ÔSÌ[ZSZT™ÕÐÓ^YPQ•˜YÝÍÒS–Œ”OOH‹ˆ™]ˆŽˆYKˆ›XÙ[œÙHŽˆ“RU‹ˆ™[™Ú[™\ÈŽˆÂˆ››ÙHŽˆLL‚ˆKˆ™[™[™ÈŽˆÂˆ\›ŽˆšÎ‹ËÙÚ]X‹˜ÛÛKÜÜÛœÛÜœËÜÚ[™™\ÛÜš\È‚ˆBˆKˆ››ÙWÛ[Ù[\ËÞ›ÙŽˆÂˆ™\œÚ[ÛˆŽˆŒËŒKÍˆ‹ˆœ™\ÛÛ™YŽˆšÎ‹ËÜ™YÚ\ÝžK›œZœË›Ü™ËÞ›ÙËKÞ›ÙLËŒKÍ‹Þˆ‹ˆš[YÜš]HŽˆœÚMLL‹YÞ•]Ü][–Ñ‘ÒÒQ˜ÐÌÖ[™‘P^SšÝ[Ù›‘P”ÔÑ”Ì˜˜ÖMYXLQ’U]Ø“ÞÔÙ\ÍT[Ø]Z’ØÓ”^ÔOOH‹ˆ›XÙ[œÙHŽˆ“RU‹ˆ™[™[™ÈŽˆÂˆ\›ŽˆšÎ‹ËÙÚ]X‹˜ÛÛKÜÜÛœÛÜœËØÛÛ[šXÚÜÈ‚ˆBˆBˆBŸB